PODS:
  - connectivity (0.0.1):
    - Flutter
    - Reachability
  - Flutter (1.0.0)
  - path_provider (0.0.1):
    - Flutter
  - Reachability (3.2)

DEPENDENCIES:
  - connectivity (from `/Users/ddikman/flutter/.pub-cache/hosted/pub.dartlang.org/connectivity-0.3.2/ios`)
  - Flutter (from `/Users/ddikman/flutter/bin/cache/artifacts/engine/ios`)
  - path_provider (from `/Users/ddikman/flutter/.pub-cache/hosted/pub.dartlang.org/path_provider-0.5.0/ios`)

SPEC REPOS:
  https://github.com/cocoapods/specs.git:
    - Reachability

EXTERNAL SOURCES:
  connectivity:
    :path: "/Users/ddikman/flutter/.pub-cache/hosted/pub.dartlang.org/connectivity-0.3.2/ios"
  Flutter:
    :path: "/Users/ddikman/flutter/bin/cache/artifacts/engine/ios"
  path_provider:
    :path: "/Users/ddikman/flutter/.pub-cache/hosted/pub.dartlang.org/path_provider-0.5.0/ios"

SPEC CHECKSUMS:
  connectivity: c72716e202a1225ec4810740d5cb56b8ae3bf4cc
  Flutter: 58dd7d1b27887414a370fcccb9e645c08ffd7a6a
  path_provider: f96fff6166a8867510d2c25fdcc346327cc4b259
  Reachability: 33e18b67625424e47b6cde6d202dce689ad7af96

PODFILE CHECKSUM: 1eeb8550636f7adcfe60cdf6646e8c0e6a9a4a33

COCOAPODS: 1.6.1
